
Microsoft Visual Studio Solution File, Format Version 12.00
# Visual Studio 15
VisualStudioVersion = 15.0.28307.705
MinimumVisualStudioVersion = 10.0.40219.1
Project("{9A19103F-16F7-4668-BE54-9A1E7A4F7556}") = "LMS.Identity.DTO", "LMS.Identity.DTO\LMS.Identity.DTO.csproj", "{4F283DEC-5C21-49D1-B408-FC9B9EC99F26}"
EndProject
Project("{9A19103F-16F7-4668-BE54-9A1E7A4F7556}") = "LMS.Identity.BusinessSerive", "LMS.Identity.BusinessSerive\LMS.Identity.BusinessSerive.csproj", "{5DBADA3F-8D6D-499C-9778-BDACC3D879AE}"
EndProject
Project("{9A19103F-16F7-4668-BE54-9A1E7A4F7556}") = "LMS.SwaggerUI", "LMS.SwaggerUI\LMS.SwaggerUI.csproj", "{7687F484-6DE6-4565-B30F-380F7DDC5A50}"
EndProject
Project("{9A19103F-16F7-4668-BE54-9A1E7A4F7556}") = "LMS.Identity.WebApi", "LMS.Identity.WebApi\LMS.Identity.WebApi.csproj", "{4131FDC3-DFD2-4009-BA2B-313E309CEB79}"
EndProject
Project("{FAE04EC0-301F-11D3-BF4B-00C04F79EFBC}") = "LMS.Identity.EntityFramework", "LMS.Identity.EntityFramework\LMS.Identity.EntityFramework.csproj", "{87C80636-415C-469E-A7F3-E4EBFD541F6D}"
EndProject
Global
	GlobalSection(SolutionConfigurationPlatforms) = preSolution
		Debug|Any CPU = Debug|Any CPU
		Release|Any CPU = Release|Any CPU
	EndGlobalSection
	GlobalSection(ProjectConfigurationPlatforms) = postSolution
		{4F283DEC-5C21-49D1-B408-FC9B9EC99F26}.Debug|Any CPU.ActiveCfg = Debug|Any CPU
		{4F283DEC-5C21-49D1-B408-FC9B9EC99F26}.Debug|Any CPU.Build.0 = Debug|Any CPU
		{4F283DEC-5C21-49D1-B408-FC9B9EC99F26}.Release|Any CPU.ActiveCfg = Release|Any CPU
		{4F283DEC-5C21-49D1-B408-FC9B9EC99F26}.Release|Any CPU.Build.0 = Release|Any CPU
		{5DBADA3F-8D6D-499C-9778-BDACC3D879AE}.Debug|Any CPU.ActiveCfg = Debug|Any CPU
		{5DBADA3F-8D6D-499C-9778-BDACC3D879AE}.Debug|Any CPU.Build.0 = Debug|Any CPU
		{5DBADA3F-8D6D-499C-9778-BDACC3D879AE}.Release|Any CPU.ActiveCfg = Release|Any CPU
		{5DBADA3F-8D6D-499C-9778-BDACC3D879AE}.Release|Any CPU.Build.0 = Release|Any CPU
		{7687F484-6DE6-4565-B30F-380F7DDC5A50}.Debug|Any CPU.ActiveCfg = Debug|Any CPU
		{7687F484-6DE6-4565-B30F-380F7DDC5A50}.Debug|Any CPU.Build.0 = Debug|Any CPU
		{7687F484-6DE6-4565-B30F-380F7DDC5A50}.Release|Any CPU.ActiveCfg = Release|Any CPU
		{7687F484-6DE6-4565-B30F-380F7DDC5A50}.Release|Any CPU.Build.0 = Release|Any CPU
		{4131FDC3-DFD2-4009-BA2B-313E309CEB79}.Debug|Any CPU.ActiveCfg = Debug|Any CPU
		{4131FDC3-DFD2-4009-BA2B-313E309CEB79}.Debug|Any CPU.Build.0 = Debug|Any CPU
		{4131FDC3-DFD2-4009-BA2B-313E309CEB79}.Release|Any CPU.ActiveCfg = Release|Any CPU
		{4131FDC3-DFD2-4009-BA2B-313E309CEB79}.Release|Any CPU.Build.0 = Release|Any CPU
		{87C80636-415C-469E-A7F3-E4EBFD541F6D}.Debug|Any CPU.ActiveCfg = Debug|Any CPU
		{87C80636-415C-469E-A7F3-E4EBFD541F6D}.Debug|Any CPU.Build.0 = Debug|Any CPU
		{87C80636-415C-469E-A7F3-E4EBFD541F6D}.Release|Any CPU.ActiveCfg = Release|Any CPU
		{87C80636-415C-469E-A7F3-E4EBFD541F6D}.Release|Any CPU.Build.0 = Release|Any CPU
	EndGlobalSection
	GlobalSection(SolutionProperties) = preSolution
		HideSolutionNode = FALSE
	EndGlobalSection
	GlobalSection(ExtensibilityGlobals) = postSolution
		SolutionGuid = {5D415266-902B-4D57-BDA1-127DDE9ED75D}
	EndGlobalSection
EndGlobal
