
Microsoft Visual Studio Solution File, Format Version 12.00
# Visual Studio 15
VisualStudioVersion = 15.0.28307.705
MinimumVisualStudioVersion = 10.0.40219.1
Project("{9A19103F-16F7-4668-BE54-9A1E7A4F7556}") = "LMS.Identity.BusinessSerive", "LMS.Identity.BusinessSerive\LMS.Identity.BusinessSerive.csproj", "{5DBADA3F-8D6D-499C-9778-BDACC3D879AE}"
EndProject
Project("{9A19103F-16F7-4668-BE54-9A1E7A4F7556}") = "LMS.SwaggerUI", "LMS.SwaggerUI\LMS.SwaggerUI.csproj", "{7687F484-6DE6-4565-B30F-380F7DDC5A50}"
EndProject
Project("{9A19103F-16F7-4668-BE54-9A1E7A4F7556}") = "LMS.Identity.WebApi", "LMS.Identity.WebApi\LMS.Identity.WebApi.csproj", "{4131FDC3-DFD2-4009-BA2B-313E309CEB79}"
EndProject
Project("{9A19103F-16F7-4668-BE54-9A1E7A4F7556}") = "LMS.Identity.DTO", "LMS.Identity.DTO\LMS.Identity.DTO.csproj", "{90FF0248-A31A-44F6-81C0-AA7EB411DAB4}"
EndProject
Project("{9A19103F-16F7-4668-BE54-9A1E7A4F7556}") = "LMS.Identity.DataModels", "LMS.Identity.DataModels\LMS.Identity.DataModels.csproj", "{7834023F-8564-4C1D-8363-0A07543DDACE}"
EndProject
Project("{9A19103F-16F7-4668-BE54-9A1E7A4F7556}") = "LMS.Core.Repository", "LMS.Core.Repository\LMS.Core.Repository.csproj", "{05E054B8-87A5-43AE-A01B-E8E0A34AC164}"
EndProject
Global
	GlobalSection(SolutionConfigurationPlatforms) = preSolution
		Debug|Any CPU = Debug|Any CPU
		Release|Any CPU = Release|Any CPU
	EndGlobalSection
	GlobalSection(ProjectConfigurationPlatforms) = postSolution
		{5DBADA3F-8D6D-499C-9778-BDACC3D879AE}.Debug|Any CPU.ActiveCfg = Debug|Any CPU
		{5DBADA3F-8D6D-499C-9778-BDACC3D879AE}.Debug|Any CPU.Build.0 = Debug|Any CPU
		{5DBADA3F-8D6D-499C-9778-BDACC3D879AE}.Release|Any CPU.ActiveCfg = Release|Any CPU
		{5DBADA3F-8D6D-499C-9778-BDACC3D879AE}.Release|Any CPU.Build.0 = Release|Any CPU
		{7687F484-6DE6-4565-B30F-380F7DDC5A50}.Debug|Any CPU.ActiveCfg = Debug|Any CPU
		{7687F484-6DE6-4565-B30F-380F7DDC5A50}.Debug|Any CPU.Build.0 = Debug|Any CPU
		{7687F484-6DE6-4565-B30F-380F7DDC5A50}.Release|Any CPU.ActiveCfg = Release|Any CPU
		{7687F484-6DE6-4565-B30F-380F7DDC5A50}.Release|Any CPU.Build.0 = Release|Any CPU
		{4131FDC3-DFD2-4009-BA2B-313E309CEB79}.Debug|Any CPU.ActiveCfg = Debug|Any CPU
		{4131FDC3-DFD2-4009-BA2B-313E309CEB79}.Debug|Any CPU.Build.0 = Debug|Any CPU
		{4131FDC3-DFD2-4009-BA2B-313E309CEB79}.Release|Any CPU.ActiveCfg = Release|Any CPU
		{4131FDC3-DFD2-4009-BA2B-313E309CEB79}.Release|Any CPU.Build.0 = Release|Any CPU
		{90FF0248-A31A-44F6-81C0-AA7EB411DAB4}.Debug|Any CPU.ActiveCfg = Debug|Any CPU
		{90FF0248-A31A-44F6-81C0-AA7EB411DAB4}.Debug|Any CPU.Build.0 = Debug|Any CPU
		{90FF0248-A31A-44F6-81C0-AA7EB411DAB4}.Release|Any CPU.ActiveCfg = Release|Any CPU
		{90FF0248-A31A-44F6-81C0-AA7EB411DAB4}.Release|Any CPU.Build.0 = Release|Any CPU
		{7834023F-8564-4C1D-8363-0A07543DDACE}.Debug|Any CPU.ActiveCfg = Debug|Any CPU
		{7834023F-8564-4C1D-8363-0A07543DDACE}.Debug|Any CPU.Build.0 = Debug|Any CPU
		{7834023F-8564-4C1D-8363-0A07543DDACE}.Release|Any CPU.ActiveCfg = Release|Any CPU
		{7834023F-8564-4C1D-8363-0A07543DDACE}.Release|Any CPU.Build.0 = Release|Any CPU
		{05E054B8-87A5-43AE-A01B-E8E0A34AC164}.Debug|Any CPU.ActiveCfg = Debug|Any CPU
		{05E054B8-87A5-43AE-A01B-E8E0A34AC164}.Debug|Any CPU.Build.0 = Debug|Any CPU
		{05E054B8-87A5-43AE-A01B-E8E0A34AC164}.Release|Any CPU.ActiveCfg = Release|Any CPU
		{05E054B8-87A5-43AE-A01B-E8E0A34AC164}.Release|Any CPU.Build.0 = Release|Any CPU
	EndGlobalSection
	GlobalSection(SolutionProperties) = preSolution
		HideSolutionNode = FALSE
	EndGlobalSection
	GlobalSection(ExtensibilityGlobals) = postSolution
		SolutionGuid = {5D415266-902B-4D57-BDA1-127DDE9ED75D}
	EndGlobalSection
EndGlobal
